// !$*UTF8*$!
{
	archiveVersion = 1;
	classes = {
	};
	objectVersion = 47;
	objects = {

/* Begin PBXBuildFile section */
		5201E13B1CF983C200334A1B /* Adium Framework in Resources */ = {isa = PBXBuildFile; fileRef = 5201E13A1CF983C200334A1B /* Adium Framework */; };
		5201E14E1CF9868C00334A1B /* Foundation.framework in Frameworks */ = {isa = PBXBuildFile; fileRef = 5201E12A1CF9817100334A1B /* Foundation.framework */; };
		52CFCBEC1CF8426900838F4E /* purple-hangouts-Prefix.pch in Resources */ = {isa = PBXBuildFile; fileRef = 52CFCBEB1CF8426900838F4E /* purple-hangouts-Prefix.pch */; };
		52CFCBEE1CF8426900838F4E /* purple-hangouts-Info.plist in Resources */ = {isa = PBXBuildFile; fileRef = 52CFCBED1CF8426900838F4E /* purple-hangouts-Info.plist */; };
		52CFCBF11CF8426900838F4E /* purple-hangouts.m in Sources */ = {isa = PBXBuildFile; fileRef = 52CFCBF01CF8426900838F4E /* purple-hangouts.m */; };
		52F588F21CF852A5001BED38 /* AIUtilities Framework in Resources */ = {isa = PBXBuildFile; fileRef = 52F588EF1CF852A5001BED38 /* AIUtilities Framework */; };
		52F588FD1CF8561F001BED38 /* libgmodule Framework in Resources */ = {isa = PBXBuildFile; fileRef = 52F588FC1CF8561F001BED38 /* libgmodule Framework */; };
		52F589031CF85679001BED38 /* FriBidi Framework in Resources */ = {isa = PBXBuildFile; fileRef = 52F588FF1CF85679001BED38 /* FriBidi Framework */; };
		52F589041CF85679001BED38 /* libglib Framework in Resources */ = {isa = PBXBuildFile; fileRef = 52F589001CF85679001BED38 /* libglib Framework */; };
		52F589051CF85679001BED38 /* libpurple Framework in Resources */ = {isa = PBXBuildFile; fileRef = 52F589011CF85679001BED38 /* libpurple Framework */; };
/* End PBXBuildFile section */

/* Begin PBXFileReference section */
		5201E12A1CF9817100334A1B /* Foundation.framework */ = {isa = PBXFileReference; lastKnownFileType = wrapper.framework; name = Foundation.framework; path = System/Library/Frameworks/Foundation.framework; sourceTree = SDKROOT; };
		5201E1321CF9819100334A1B /* AutoHyperlinks Framework */ = {isa = PBXFileReference; lastKnownFileType = folder; name = "AutoHyperlinks Framework"; path = "../hangouts-dev/adium/Frameworks/AutoHyperlinks Framework"; sourceTree = "<group>"; };
		5201E13A1CF983C200334A1B /* Adium Framework */ = {isa = PBXFileReference; lastKnownFileType = folder; path = "Adium Framework"; sourceTree = "<group>"; };
		52CFCBE31CF8426900838F4E /* purple-hangouts.AdiumPlugin */ = {isa = PBXFileReference; explicitFileType = wrapper.cfbundle; includeInIndex = 0; path = "purple-hangouts.AdiumPlugin"; sourceTree = BUILT_PRODUCTS_DIR; };
		52CFCBEB1CF8426900838F4E /* purple-hangouts-Prefix.pch */ = {isa = PBXFileReference; lastKnownFileType = sourcecode.c.h; path = "purple-hangouts-Prefix.pch"; sourceTree = "<group>"; };
		52CFCBED1CF8426900838F4E /* purple-hangouts-Info.plist */ = {isa = PBXFileReference; lastKnownFileType = text.plist.xml; path = "purple-hangouts-Info.plist"; sourceTree = "<group>"; };
		52CFCBEF1CF8426900838F4E /* purple-hangouts.h */ = {isa = PBXFileReference; lastKnownFileType = sourcecode.c.h; path = "purple-hangouts.h"; sourceTree = "<group>"; };
		52CFCBF01CF8426900838F4E /* purple-hangouts.m */ = {isa = PBXFileReference; lastKnownFileType = sourcecode.c.objc; path = "purple-hangouts.m"; sourceTree = "<group>"; };
		52CFCBF21CF8426900838F4E /* Info.plist */ = {isa = PBXFileReference; lastKnownFileType = text.plist.xml; path = Info.plist; sourceTree = "<group>"; };
		52F588EF1CF852A5001BED38 /* AIUtilities Framework */ = {isa = PBXFileReference; lastKnownFileType = folder; name = "AIUtilities Framework"; path = "../hangouts-dev/adium/Frameworks/AIUtilities Framework"; sourceTree = "<group>"; };
		52F588FC1CF8561F001BED38 /* libgmodule Framework */ = {isa = PBXFileReference; lastKnownFileType = folder; name = "libgmodule Framework"; path = "../hangouts-dev/adium/Frameworks/libgmodule Framework"; sourceTree = "<group>"; };
		52F588FF1CF85679001BED38 /* FriBidi Framework */ = {isa = PBXFileReference; lastKnownFileType = folder; name = "FriBidi Framework"; path = "../hangouts-dev/adium/Frameworks/FriBidi Framework"; sourceTree = "<group>"; };
		52F589001CF85679001BED38 /* libglib Framework */ = {isa = PBXFileReference; lastKnownFileType = folder; name = "libglib Framework"; path = "../hangouts-dev/adium/Frameworks/libglib Framework"; sourceTree = "<group>"; };
		52F589011CF85679001BED38 /* libpurple Framework */ = {isa = PBXFileReference; lastKnownFileType = folder; name = "libpurple Framework"; path = "../hangouts-dev/adium/Frameworks/libpurple Framework"; sourceTree = "<group>"; };
/* End PBXFileReference section */

/* Begin PBXFrameworksBuildPhase section */
		52CFCBE01CF8426900838F4E /* Frameworks */ = {
			isa = PBXFrameworksBuildPhase;
			buildActionMask = 2147483647;
			files = (
				5201E14E1CF9868C00334A1B /* Foundation.framework in Frameworks */,
			);
			runOnlyForDeploymentPostprocessing = 0;
		};
/* End PBXFrameworksBuildPhase section */

/* Begin PBXGroup section */
		52CFCBDA1CF8426900838F4E = {
			isa = PBXGroup;
			children = (
				52CFCBE51CF8426900838F4E /* Frameworks */,
				52CFCBEA1CF8426900838F4E /* purple-hangouts */,
				52CFCBE41CF8426900838F4E /* Products */,
			);
			sourceTree = "<group>";
		};
		52CFCBE41CF8426900838F4E /* Products */ = {
			isa = PBXGroup;
			children = (
				52CFCBE31CF8426900838F4E /* purple-hangouts.AdiumPlugin */,
			);
			name = Products;
			sourceTree = "<group>";
		};
		52CFCBE51CF8426900838F4E /* Frameworks */ = {
			isa = PBXGroup;
			children = (
				5201E13A1CF983C200334A1B /* Adium Framework */,
				5201E1321CF9819100334A1B /* AutoHyperlinks Framework */,
				5201E12A1CF9817100334A1B /* Foundation.framework */,
				52F588FF1CF85679001BED38 /* FriBidi Framework */,
				52F589001CF85679001BED38 /* libglib Framework */,
				52F589011CF85679001BED38 /* libpurple Framework */,
				52F588FC1CF8561F001BED38 /* libgmodule Framework */,
				52F588EF1CF852A5001BED38 /* AIUtilities Framework */,
			);
			name = Frameworks;
			sourceTree = "<group>";
		};
		52CFCBEA1CF8426900838F4E /* purple-hangouts */ = {
			isa = PBXGroup;
			children = (
				52CFCBEB1CF8426900838F4E /* purple-hangouts-Prefix.pch */,
				52CFCBED1CF8426900838F4E /* purple-hangouts-Info.plist */,
				52CFCBEF1CF8426900838F4E /* purple-hangouts.h */,
				52CFCBF01CF8426900838F4E /* purple-hangouts.m */,
				52CFCBF21CF8426900838F4E /* Info.plist */,
			);
			path = "purple-hangouts";
			sourceTree = "<group>";
		};
/* End PBXGroup section */

/* Begin PBXNativeTarget section */
		52CFCBE21CF8426900838F4E /* purple-hangouts */ = {
			isa = PBXNativeTarget;
			buildConfigurationList = 52CFCBF51CF8426900838F4E /* Build configuration list for PBXNativeTarget "purple-hangouts" */;
			buildPhases = (
				52CFCBDF1CF8426900838F4E /* Sources */,
				52CFCBE01CF8426900838F4E /* Frameworks */,
				52CFCBE11CF8426900838F4E /* Resources */,
			);
			buildRules = (
			);
			dependencies = (
			);
			name = "purple-hangouts";
			productName = "purple-hangouts";
			productReference = 52CFCBE31CF8426900838F4E /* purple-hangouts.AdiumPlugin */;
			productType = "com.apple.product-type.bundle";
		};
/* End PBXNativeTarget section */

/* Begin PBXProject section */
		52CFCBDB1CF8426900838F4E /* Project object */ = {
			isa = PBXProject;
			attributes = {
				LastUpgradeCheck = 0730;
				ORGANIZATIONNAME = "John Lamb";
				TargetAttributes = {
					52CFCBE21CF8426900838F4E = {
						CreatedOnToolsVersion = 7.3.1;
					};
				};
			};
			buildConfigurationList = 52CFCBDE1CF8426900838F4E /* Build configuration list for PBXProject "purple-hangouts" */;
			compatibilityVersion = "Xcode 6.3";
			developmentRegion = English;
			hasScannedForEncodings = 0;
			knownRegions = (
				en,
			);
			mainGroup = 52CFCBDA1CF8426900838F4E;
			productRefGroup = 52CFCBE41CF8426900838F4E /* Products */;
			projectDirPath = "";
			projectRoot = "";
			targets = (
				52CFCBE21CF8426900838F4E /* purple-hangouts */,
			);
		};
/* End PBXProject section */

/* Begin PBXResourcesBuildPhase section */
		52CFCBE11CF8426900838F4E /* Resources */ = {
			isa = PBXResourcesBuildPhase;
			buildActionMask = 2147483647;
			files = (
				52CFCBEC1CF8426900838F4E /* purple-hangouts-Prefix.pch in Resources */,
				52F588F21CF852A5001BED38 /* AIUtilities Framework in Resources */,
				52F589051CF85679001BED38 /* libpurple Framework in Resources */,
				5201E13B1CF983C200334A1B /* Adium Framework in Resources */,
				52F589041CF85679001BED38 /* libglib Framework in Resources */,
				52F588FD1CF8561F001BED38 /* libgmodule Framework in Resources */,
				52CFCBEE1CF8426900838F4E /* purple-hangouts-Info.plist in Resources */,
				52F589031CF85679001BED38 /* FriBidi Framework in Resources */,
			);
			runOnlyForDeploymentPostprocessing = 0;
		};
/* End PBXResourcesBuildPhase section */

/* Begin PBXSourcesBuildPhase section */
		52CFCBDF1CF8426900838F4E /* Sources */ = {
			isa = PBXSourcesBuildPhase;
			buildActionMask = 2147483647;
			files = (
				52CFCBF11CF8426900838F4E /* purple-hangouts.m in Sources */,
			);
			runOnlyForDeploymentPostprocessing = 0;
		};
/* End PBXSourcesBuildPhase section */

/* Begin XCBuildConfiguration section */
		52CFCBF31CF8426900838F4E /* Debug */ = {
			isa = XCBuildConfiguration;
			buildSettings = {
				ALWAYS_SEARCH_USER_PATHS = NO;
				CLANG_ANALYZER_NONNULL = YES;
				CLANG_CXX_LANGUAGE_STANDARD = "gnu++0x";
				CLANG_CXX_LIBRARY = "libc++";
				CLANG_ENABLE_MODULES = YES;
				CLANG_ENABLE_OBJC_ARC = YES;
				CLANG_WARN_BOOL_CONVERSION = YES;
				CLANG_WARN_CONSTANT_CONVERSION = YES;
				CLANG_WARN_DIRECT_OBJC_ISA_USAGE = YES_ERROR;
				CLANG_WARN_EMPTY_BODY = YES;
				CLANG_WARN_ENUM_CONVERSION = YES;
				CLANG_WARN_INT_CONVERSION = YES;
				CLANG_WARN_OBJC_ROOT_CLASS = YES_ERROR;
				CLANG_WARN_UNREACHABLE_CODE = YES;
				CLANG_WARN__DUPLICATE_METHOD_MATCH = YES;
				COPY_PHASE_STRIP = NO;
				DEBUG_INFORMATION_FORMAT = dwarf;
				ENABLE_NS_ASSERTIONS = YES;
				ENABLE_STRICT_OBJC_MSGSEND = YES;
				ENABLE_TESTABILITY = YES;
				GCC_C_LANGUAGE_STANDARD = c11;
				GCC_DYNAMIC_NO_PIC = NO;
				GCC_NO_COMMON_BLOCKS = YES;
				GCC_OPTIMIZATION_LEVEL = 0;
				GCC_PREPROCESSOR_DEFINITIONS = (
					"DEBUG=1",
					"$(inherited)",
				);
				GCC_WARN_64_TO_32_BIT_CONVERSION = YES;
				GCC_WARN_ABOUT_RETURN_TYPE = YES_ERROR;
				GCC_WARN_UNDECLARED_SELECTOR = YES;
				GCC_WARN_UNINITIALIZED_AUTOS = YES_AGGRESSIVE;
				GCC_WARN_UNUSED_FUNCTION = YES;
				GCC_WARN_UNUSED_VARIABLE = YES;
				MACOSX_DEPLOYMENT_TARGET = 10.8;
				MTL_ENABLE_DEBUG_INFO = YES;
				ONLY_ACTIVE_ARCH = NO;
			};
			name = Debug;
		};
		52CFCBF41CF8426900838F4E /* Release */ = {
			isa = XCBuildConfiguration;
			buildSettings = {
				ALWAYS_SEARCH_USER_PATHS = NO;
				CLANG_ANALYZER_NONNULL = YES;
				CLANG_CXX_LANGUAGE_STANDARD = "gnu++0x";
				CLANG_CXX_LIBRARY = "libc++";
				CLANG_ENABLE_MODULES = YES;
				CLANG_ENABLE_OBJC_ARC = YES;
				CLANG_WARN_BOOL_CONVERSION = YES;
				CLANG_WARN_CONSTANT_CONVERSION = YES;
				CLANG_WARN_DIRECT_OBJC_ISA_USAGE = YES_ERROR;
				CLANG_WARN_EMPTY_BODY = YES;
				CLANG_WARN_ENUM_CONVERSION = YES;
				CLANG_WARN_INT_CONVERSION = YES;
				CLANG_WARN_OBJC_ROOT_CLASS = YES_ERROR;
				CLANG_WARN_UNREACHABLE_CODE = YES;
				CLANG_WARN__DUPLICATE_METHOD_MATCH = YES;
				COPY_PHASE_STRIP = NO;
				DEBUG_INFORMATION_FORMAT = "dwarf-with-dsym";
				ENABLE_NS_ASSERTIONS = YES;
				ENABLE_STRICT_OBJC_MSGSEND = YES;
				GCC_C_LANGUAGE_STANDARD = c11;
				GCC_NO_COMMON_BLOCKS = YES;
				GCC_WARN_64_TO_32_BIT_CONVERSION = YES;
				GCC_WARN_ABOUT_RETURN_TYPE = YES_ERROR;
				GCC_WARN_UNDECLARED_SELECTOR = YES;
				GCC_WARN_UNINITIALIZED_AUTOS = YES_AGGRESSIVE;
				GCC_WARN_UNUSED_FUNCTION = YES;
				GCC_WARN_UNUSED_VARIABLE = YES;
				MACOSX_DEPLOYMENT_TARGET = 10.8;
				MTL_ENABLE_DEBUG_INFO = NO;
				ONLY_ACTIVE_ARCH = NO;
			};
			name = Release;
		};
		52CFCBF61CF8426900838F4E /* Debug */ = {
			isa = XCBuildConfiguration;
			buildSettings = {
				ARCHS = "$(ARCHS_STANDARD_32_64_BIT)";
				CLANG_CXX_LANGUAGE_STANDARD = "c++0x";
				FRAMEWORK_SEARCH_PATHS = (
					"$(inherited)",
					"$(PROJECT_DIR)",
				);
				INFOPLIST_FILE = "purple-hangouts/Info.plist";
				ONLY_ACTIVE_ARCH = NO;
				PRODUCT_BUNDLE_IDENTIFIER = "bigbearjt.purple-hangouts";
				PRODUCT_NAME = "$(TARGET_NAME)";
				SCAN_ALL_SOURCE_FILES_FOR_INCLUDES = YES;
				SDKROOT = macosx10.11;
				VALIDATE_PRODUCT = YES;
				VALID_ARCHS = "x86_64 i386";
				WRAPPER_EXTENSION = AdiumPlugin;
			};
			name = Debug;
		};
		52CFCBF71CF8426900838F4E /* Release */ = {
			isa = XCBuildConfiguration;
			buildSettings = {
				ARCHS = "$(ARCHS_STANDARD_32_64_BIT)";
				CLANG_CXX_LANGUAGE_STANDARD = "c++0x";
				FRAMEWORK_SEARCH_PATHS = (
					"$(inherited)",
					"$(PROJECT_DIR)",
				);
				INFOPLIST_FILE = "purple-hangouts/Info.plist";
				ONLY_ACTIVE_ARCH = NO;
				PRODUCT_BUNDLE_IDENTIFIER = "bigbearjt.purple-hangouts";
				PRODUCT_NAME = "$(TARGET_NAME)";
				SCAN_ALL_SOURCE_FILES_FOR_INCLUDES = YES;
				SDKROOT = macosx10.11;
				VALIDATE_PRODUCT = YES;
				VALID_ARCHS = "x86_64 i386";
				WRAPPER_EXTENSION = AdiumPlugin;
			};
			name = Release;
		};
/* End XCBuildConfiguration section */

/* Begin XCConfigurationList section */
		52CFCBDE1CF8426900838F4E /* Build configuration list for PBXProject "purple-hangouts" */ = {
			isa = XCConfigurationList;
			buildConfigurations = (
				52CFCBF31CF8426900838F4E /* Debug */,
				52CFCBF41CF8426900838F4E /* Release */,
			);
			defaultConfigurationIsVisible = 0;
			defaultConfigurationName = Release;
		};
		52CFCBF51CF8426900838F4E /* Build configuration list for PBXNativeTarget "purple-hangouts" */ = {
			isa = XCConfigurationList;
			buildConfigurations = (
				52CFCBF61CF8426900838F4E /* Debug */,
				52CFCBF71CF8426900838F4E /* Release */,
			);
			defaultConfigurationIsVisible = 0;
			defaultConfigurationName = Release;
		};
/* End XCConfigurationList section */
	};
	rootObject = 52CFCBDB1CF8426900838F4E /* Project object */;
}
